# This file is automatically @generated by Poetry 1.8.5 and should not be changed by hand.

[[package]]
name = "colorama"
version = "0.4.6"
description = "Cross-platform colored terminal text."
optional = false
python-versions = "!=3.0.*,!=3.1.*,!=3.2.*,!=3.3.*,!=3.4.*,!=3.5.*,!=3.6.*,>=2.7"
files = [
    {file = "colorama-0.4.6-py2.py3-none-any.whl", hash = "sha256:4f1d9991f5acc0ca119f9d443620b77f9d6b33703e51011c16baf57afb285fc6"},
    {file = "colorama-0.4.6.tar.gz", hash = "sha256:08695f5cb7ed6e0531a20572697297273c47b8cae5a63ffc6d6ed5c201be6e44"},
]

[[package]]
name = "coloredlogs"
version = "15.0.1"
description = "Colored terminal output for Python's logging module"
optional = false
python-versions = ">=2.7, !=3.0.*, !=3.1.*, !=3.2.*, !=3.3.*, !=3.4.*"
files = [
    {file = "coloredlogs-15.0.1-py2.py3-none-any.whl", hash = "sha256:612ee75c546f53e92e70049c9dbfcc18c935a2b9a53b66085ce9ef6a6e5c0934"},
    {file = "coloredlogs-15.0.1.tar.gz", hash = "sha256:7c991aa71a4577af2f82600d8f8f3a89f936baeaf9b50a9c197da014e5bf16b0"},
]

[package.dependencies]
humanfriendly = ">=9.1"

[package.extras]
cron = ["capturer (>=2.4)"]

[[package]]
name = "flatbuffers"
version = "25.2.10"
description = "The FlatBuffers serialization format for Python"
optional = false
python-versions = "*"
files = [
    {file = "flatbuffers-25.2.10-py2.py3-none-any.whl", hash = "sha256:ebba5f4d5ea615af3f7fd70fc310636fbb2bbd1f566ac0a23d98dd412de50051"},
    {file = "flatbuffers-25.2.10.tar.gz", hash = "sha256:97e451377a41262f8d9bd4295cc836133415cc03d8cb966410a4af92eb00d26e"},
]

[[package]]
name = "humanfriendly"
version = "10.0"
description = "Human friendly output for text interfaces using Python"
optional = false
python-versions = ">=2.7, !=3.0.*, !=3.1.*, !=3.2.*, !=3.3.*, !=3.4.*"
files = [
    {file = "humanfriendly-10.0-py2.py3-none-any.whl", hash = "sha256:1697e1a8a8f550fd43c2865cd84542fc175a61dcb779b6fee18cf6b6ccba1477"},
    {file = "humanfriendly-10.0.tar.gz", hash = "sha256:6b0b831ce8f15f7300721aa49829fc4e83921a9a301cc7f606be6686a2288ddc"},
]

[package.dependencies]
pyreadline3 = {version = "*", markers = "sys_platform == \"win32\" and python_version >= \"3.8\""}

[[package]]
name = "iniconfig"
version = "2.1.0"
description = "brain-dead simple config-ini parsing"
optional = false
python-versions = ">=3.8"
files = [
    {file = "iniconfig-2.1.0-py3-none-any.whl", hash = "sha256:9deba5723312380e77435581c6bf4935c94cbfab9b1ed33ef8d238ea168eb760"},
    {file = "iniconfig-2.1.0.tar.gz", hash = "sha256:3abbd2e30b36733fee78f9c7f7308f2d0050e88f0087fd25c2645f63c773e1c7"},
]

[[package]]
name = "joblib"
version = "1.5.1"
description = "Lightweight pipelining with Python functions"
optional = false
python-versions = ">=3.9"
files = [
    {file = "joblib-1.5.1-py3-none-any.whl", hash = "sha256:4719a31f054c7d766948dcd83e9613686b27114f190f717cec7eaa2084f8a74a"},
    {file = "joblib-1.5.1.tar.gz", hash = "sha256:f4f86e351f39fe3d0d32a9f2c3d8af1ee4cec285aafcb27003dda5205576b444"},
]

[[package]]
name = "mpmath"
version = "1.3.0"
description = "Python library for arbitrary-precision floating-point arithmetic"
optional = false
python-versions = "*"
files = [
    {file = "mpmath-1.3.0-py3-none-any.whl", hash = "sha256:a0b2b9fe80bbcd81a6647ff13108738cfb482d481d826cc0e02f5b35e5c88d2c"},
    {file = "mpmath-1.3.0.tar.gz", hash = "sha256:7a28eb2a9774d00c7bc92411c19a89209d5da7c4c9a9e227be8330a23a25b91f"},
]

[package.extras]
develop = ["codecov", "pycodestyle", "pytest (>=4.6)", "pytest-cov", "wheel"]
docs = ["sphinx"]
gmpy = ["gmpy2 (>=2.1.0a4)"]
tests = ["pytest (>=4.6)"]

[[package]]
name = "numpy"
version = "2.3.1"
description = "Fundamental package for array computing in Python"
optional = false
python-versions = ">=3.11"
files = [
    {file = "numpy-2.3.1-cp311-cp311-macosx_10_9_x86_64.whl", hash = "sha256:6ea9e48336a402551f52cd8f593343699003d2353daa4b72ce8d34f66b722070"},
    {file = "numpy-2.3.1-cp311-cp311-macosx_11_0_arm64.whl", hash = "sha256:5ccb7336eaf0e77c1635b232c141846493a588ec9ea777a7c24d7166bb8533ae"},
    {file = "numpy-2.3.1-cp311-cp311-macosx_14_0_arm64.whl", hash = "sha256:0bb3a4a61e1d327e035275d2a993c96fa786e4913aa089843e6a2d9dd205c66a"},
    {file = "numpy-2.3.1-cp311-cp311-macosx_14_0_x86_64.whl", hash = "sha256:e344eb79dab01f1e838ebb67aab09965fb271d6da6b00adda26328ac27d4a66e"},
    {file = "numpy-2.3.1-cp311-cp311-manylinux_2_28_aarch64.whl", hash = "sha256:467db865b392168ceb1ef1ffa6f5a86e62468c43e0cfb4ab6da667ede10e58db"},
    {file = "numpy-2.3.1-cp311-cp311-manylinux_2_28_x86_64.whl", hash = "sha256:afed2ce4a84f6b0fc6c1ce734ff368cbf5a5e24e8954a338f3bdffa0718adffb"},
    {file = "numpy-2.3.1-cp311-cp311-musllinux_1_2_aarch64.whl", hash = "sha256:0025048b3c1557a20bc80d06fdeb8cc7fc193721484cca82b2cfa072fec71a93"},
    {file = "numpy-2.3.1-cp311-cp311-musllinux_1_2_x86_64.whl", hash = "sha256:a5ee121b60aa509679b682819c602579e1df14a5b07fe95671c8849aad8f2115"},
    {file = "numpy-2.3.1-cp311-cp311-win32.whl", hash = "sha256:a8b740f5579ae4585831b3cf0e3b0425c667274f82a484866d2adf9570539369"},
    {file = "numpy-2.3.1-cp311-cp311-win_amd64.whl", hash = "sha256:d4580adadc53311b163444f877e0789f1c8861e2698f6b2a4ca852fda154f3ff"},
    {file = "numpy-2.3.1-cp311-cp311-win_arm64.whl", hash = "sha256:ec0bdafa906f95adc9a0c6f26a4871fa753f25caaa0e032578a30457bff0af6a"},
    {file = "numpy-2.3.1-cp312-cp312-macosx_10_13_x86_64.whl", hash = "sha256:2959d8f268f3d8ee402b04a9ec4bb7604555aeacf78b360dc4ec27f1d508177d"},
    {file = "numpy-2.3.1-cp312-cp312-macosx_11_0_arm64.whl", hash = "sha256:762e0c0c6b56bdedfef9a8e1d4538556438288c4276901ea008ae44091954e29"},
    {file = "numpy-2.3.1-cp312-cp312-macosx_14_0_arm64.whl", hash = "sha256:867ef172a0976aaa1f1d1b63cf2090de8b636a7674607d514505fb7276ab08fc"},
    {file = "numpy-2.3.1-cp312-cp312-macosx_14_0_x86_64.whl", hash = "sha256:4e602e1b8682c2b833af89ba641ad4176053aaa50f5cacda1a27004352dde943"},
    {file = "numpy-2.3.1-cp312-cp312-manylinux_2_28_aarch64.whl", hash = "sha256:8e333040d069eba1652fb08962ec5b76af7f2c7bce1df7e1418c8055cf776f25"},
    {file = "numpy-2.3.1-cp312-cp312-manylinux_2_28_x86_64.whl", hash = "sha256:e7cbf5a5eafd8d230a3ce356d892512185230e4781a361229bd902ff403bc660"},
    {file = "numpy-2.3.1-cp312-cp312-musllinux_1_2_aarch64.whl", hash = "sha256:5f1b8f26d1086835f442286c1d9b64bb3974b0b1e41bb105358fd07d20872952"},
    {file = "numpy-2.3.1-cp312-cp312-musllinux_1_2_x86_64.whl", hash = "sha256:ee8340cb48c9b7a5899d1149eece41ca535513a9698098edbade2a8e7a84da77"},
    {file = "numpy-2.3.1-cp312-cp312-win32.whl", hash = "sha256:e772dda20a6002ef7061713dc1e2585bc1b534e7909b2030b5a46dae8ff077ab"},
    {file = "numpy-2.3.1-cp312-cp312-win_amd64.whl", hash = "sha256:cfecc7822543abdea6de08758091da655ea2210b8ffa1faf116b940693d3df76"},
    {file = "numpy-2.3.1-cp312-cp312-win_arm64.whl", hash = "sha256:7be91b2239af2658653c5bb6f1b8bccafaf08226a258caf78ce44710a0160d30"},
    {file = "numpy-2.3.1-cp313-cp313-macosx_10_13_x86_64.whl", hash = "sha256:25a1992b0a3fdcdaec9f552ef10d8103186f5397ab45e2d25f8ac51b1a6b97e8"},
    {file = "numpy-2.3.1-cp313-cp313-macosx_11_0_arm64.whl", hash = "sha256:7dea630156d39b02a63c18f508f85010230409db5b2927ba59c8ba4ab3e8272e"},
    {file = "numpy-2.3.1-cp313-cp313-macosx_14_0_arm64.whl", hash = "sha256:bada6058dd886061f10ea15f230ccf7dfff40572e99fef440a4a857c8728c9c0"},
    {file = "numpy-2.3.1-cp313-cp313-macosx_14_0_x86_64.whl", hash = "sha256:a894f3816eb17b29e4783e5873f92faf55b710c2519e5c351767c51f79d8526d"},
    {file = "numpy-2.3.1-cp313-cp313-manylinux_2_28_aarch64.whl", hash = "sha256:18703df6c4a4fee55fd3d6e5a253d01c5d33a295409b03fda0c86b3ca2ff41a1"},
    {file = "numpy-2.3.1-cp313-cp313-manylinux_2_28_x86_64.whl", hash = "sha256:5902660491bd7a48b2ec16c23ccb9124b8abfd9583c5fdfa123fe6b421e03de1"},
    {file = "numpy-2.3.1-cp313-cp313-musllinux_1_2_aarch64.whl", hash = "sha256:36890eb9e9d2081137bd78d29050ba63b8dab95dff7912eadf1185e80074b2a0"},
    {file = "numpy-2.3.1-cp313-cp313-musllinux_1_2_x86_64.whl", hash = "sha256:a780033466159c2270531e2b8ac063704592a0bc62ec4a1b991c7c40705eb0e8"},
    {file = "numpy-2.3.1-cp313-cp313-win32.whl", hash = "sha256:39bff12c076812595c3a306f22bfe49919c5513aa1e0e70fac756a0be7c2a2b8"},
    {file = "numpy-2.3.1-cp313-cp313-win_amd64.whl", hash = "sha256:8d5ee6eec45f08ce507a6570e06f2f879b374a552087a4179ea7838edbcbfa42"},
    {file = "numpy-2.3.1-cp313-cp313-win_arm64.whl", hash = "sha256:0c4d9e0a8368db90f93bd192bfa771ace63137c3488d198ee21dfb8e7771916e"},
    {file = "numpy-2.3.1-cp313-cp313t-macosx_10_13_x86_64.whl", hash = "sha256:b0b5397374f32ec0649dd98c652a1798192042e715df918c20672c62fb52d4b8"},
    {file = "numpy-2.3.1-cp313-cp313t-macosx_11_0_arm64.whl", hash = "sha256:c5bdf2015ccfcee8253fb8be695516ac4457c743473a43290fd36eba6a1777eb"},
    {file = "numpy-2.3.1-cp313-cp313t-macosx_14_0_arm64.whl", hash = "sha256:d70f20df7f08b90a2062c1f07737dd340adccf2068d0f1b9b3d56e2038979fee"},
    {file = "numpy-2.3.1-cp313-cp313t-macosx_14_0_x86_64.whl", hash = "sha256:2fb86b7e58f9ac50e1e9dd1290154107e47d1eef23a0ae9145ded06ea606f992"},
    {file = "numpy-2.3.1-cp313-cp313t-manylinux_2_28_aarch64.whl", hash = "sha256:23ab05b2d241f76cb883ce8b9a93a680752fbfcbd51c50eff0b88b979e471d8c"},
    {file = "numpy-2.3.1-cp313-cp313t-manylinux_2_28_x86_64.whl", hash = "sha256:ce2ce9e5de4703a673e705183f64fd5da5bf36e7beddcb63a25ee2286e71ca48"},
    {file = "numpy-2.3.1-cp313-cp313t-musllinux_1_2_aarch64.whl", hash = "sha256:c4913079974eeb5c16ccfd2b1f09354b8fed7e0d6f2cab933104a09a6419b1ee"},
    {file = "numpy-2.3.1-cp313-cp313t-musllinux_1_2_x86_64.whl", hash = "sha256:010ce9b4f00d5c036053ca684c77441f2f2c934fd23bee058b4d6f196efd8280"},
    {file = "numpy-2.3.1-cp313-cp313t-win32.whl", hash = "sha256:6269b9edfe32912584ec496d91b00b6d34282ca1d07eb10e82dfc780907d6c2e"},
    {file = "numpy-2.3.1-cp313-cp313t-win_amd64.whl", hash = "sha256:2a809637460e88a113e186e87f228d74ae2852a2e0c44de275263376f17b5bdc"},
    {file = "numpy-2.3.1-cp313-cp313t-win_arm64.whl", hash = "sha256:eccb9a159db9aed60800187bc47a6d3451553f0e1b08b068d8b277ddfbb9b244"},
    {file = "numpy-2.3.1-pp311-pypy311_pp73-macosx_10_15_x86_64.whl", hash = "sha256:ad506d4b09e684394c42c966ec1527f6ebc25da7f4da4b1b056606ffe446b8a3"},
    {file = "numpy-2.3.1-pp311-pypy311_pp73-macosx_14_0_arm64.whl", hash = "sha256:ebb8603d45bc86bbd5edb0d63e52c5fd9e7945d3a503b77e486bd88dde67a19b"},
    {file = "numpy-2.3.1-pp311-pypy311_pp73-macosx_14_0_x86_64.whl", hash = "sha256:15aa4c392ac396e2ad3d0a2680c0f0dee420f9fed14eef09bdb9450ee6dcb7b7"},
    {file = "numpy-2.3.1-pp311-pypy311_pp73-manylinux_2_28_aarch64.whl", hash = "sha256:c6e0bf9d1a2f50d2b65a7cf56db37c095af17b59f6c132396f7c6d5dd76484df"},
    {file = "numpy-2.3.1-pp311-pypy311_pp73-manylinux_2_28_x86_64.whl", hash = "sha256:eabd7e8740d494ce2b4ea0ff05afa1b7b291e978c0ae075487c51e8bd93c0c68"},
    {file = "numpy-2.3.1-pp311-pypy311_pp73-win_amd64.whl", hash = "sha256:e610832418a2bc09d974cc9fecebfa51e9532d6190223bc5ef6a7402ebf3b5cb"},
    {file = "numpy-2.3.1.tar.gz", hash = "sha256:1ec9ae20a4226da374362cca3c62cd753faf2f951440b0e3b98e93c235441d2b"},
]

[[package]]
name = "onnx"
version = "1.18.0"
description = "Open Neural Network Exchange"
optional = false
python-versions = ">=3.9"
files = [
    {file = "onnx-1.18.0-cp310-cp310-macosx_12_0_universal2.whl", hash = "sha256:4a3b50d94620e2c7c1404d1d59bc53e665883ae3fecbd856cc86da0639fd0fc3"},
    {file = "onnx-1.18.0-cp310-cp310-manylinux_2_17_aarch64.manylinux2014_aarch64.whl", hash = "sha256:e189652dad6e70a0465035c55cc565c27aa38803dd4f4e74e4b952ee1c2de94b"},
    {file = "onnx-1.18.0-cp310-cp310-manylinux_2_17_x86_64.manylinux2014_x86_64.whl", hash = "sha256:bfb1f271b1523b29f324bfd223f6a4cfbdc5a2f2f16e73563671932d33663365"},
    {file = "onnx-1.18.0-cp310-cp310-win32.whl", hash = "sha256:e03071041efd82e0317b3c45433b2f28146385b80f26f82039bc68048ac1a7a0"},
    {file = "onnx-1.18.0-cp310-cp310-win_amd64.whl", hash = "sha256:9235b3493951e11e75465d56f4cd97e3e9247f096160dd3466bfabe4cbc938bc"},
    {file = "onnx-1.18.0-cp311-cp311-macosx_12_0_universal2.whl", hash = "sha256:735e06d8d0cf250dc498f54038831401063c655a8d6e5975b2527a4e7d24be3e"},
    {file = "onnx-1.18.0-cp311-cp311-manylinux_2_17_aarch64.manylinux2014_aarch64.whl", hash = "sha256:73160799472e1a86083f786fecdf864cf43d55325492a9b5a1cfa64d8a523ecc"},
    {file = "onnx-1.18.0-cp311-cp311-manylinux_2_17_x86_64.manylinux2014_x86_64.whl", hash = "sha256:6acafb3823238bbe8f4340c7ac32fb218689442e074d797bee1c5c9a02fdae75"},
    {file = "onnx-1.18.0-cp311-cp311-win32.whl", hash = "sha256:4c8c4bbda760c654e65eaffddb1a7de71ec02e60092d33f9000521f897c99be9"},
    {file = "onnx-1.18.0-cp311-cp311-win_amd64.whl", hash = "sha256:a5810194f0f6be2e58c8d6dedc6119510df7a14280dd07ed5f0f0a85bd74816a"},
    {file = "onnx-1.18.0-cp311-cp311-win_arm64.whl", hash = "sha256:aa1b7483fac6cdec26922174fc4433f8f5c2f239b1133c5625063bb3b35957d0"},
    {file = "onnx-1.18.0-cp312-cp312-macosx_12_0_universal2.whl", hash = "sha256:521bac578448667cbb37c50bf05b53c301243ede8233029555239930996a625b"},
    {file = "onnx-1.18.0-cp312-cp312-manylinux_2_17_aarch64.manylinux2014_aarch64.whl", hash = "sha256:e4da451bf1c5ae381f32d430004a89f0405bc57a8471b0bddb6325a5b334aa40"},
    {file = "onnx-1.18.0-cp312-cp312-manylinux_2_17_x86_64.manylinux2014_x86_64.whl", hash = "sha256:99afac90b4cdb1471432203c3c1f74e16549c526df27056d39f41a9a47cfb4af"},
    {file = "onnx-1.18.0-cp312-cp312-win32.whl", hash = "sha256:ee159b41a3ae58d9c7341cf432fc74b96aaf50bd7bb1160029f657b40dc69715"},
    {file = "onnx-1.18.0-cp312-cp312-win_amd64.whl", hash = "sha256:102c04edc76b16e9dfeda5a64c1fccd7d3d2913b1544750c01d38f1ac3c04e05"},
    {file = "onnx-1.18.0-cp312-cp312-win_arm64.whl", hash = "sha256:911b37d724a5d97396f3c2ef9ea25361c55cbc9aa18d75b12a52b620b67145af"},
    {file = "onnx-1.18.0-cp313-cp313-macosx_12_0_universal2.whl", hash = "sha256:030d9f5f878c5f4c0ff70a4545b90d7812cd6bfe511de2f3e469d3669c8cff95"},
    {file = "onnx-1.18.0-cp313-cp313-manylinux_2_17_aarch64.manylinux2014_aarch64.whl", hash = "sha256:8521544987d713941ee1e591520044d35e702f73dc87e91e6d4b15a064ae813d"},
    {file = "onnx-1.18.0-cp313-cp313-manylinux_2_17_x86_64.manylinux2014_x86_64.whl", hash = "sha256:3c137eecf6bc618c2f9398bcc381474b55c817237992b169dfe728e169549e8f"},
    {file = "onnx-1.18.0-cp313-cp313-win32.whl", hash = "sha256:6c093ffc593e07f7e33862824eab9225f86aa189c048dd43ffde207d7041a55f"},
    {file = "onnx-1.18.0-cp313-cp313-win_amd64.whl", hash = "sha256:230b0fb615e5b798dc4a3718999ec1828360bc71274abd14f915135eab0255f1"},
    {file = "onnx-1.18.0-cp313-cp313-win_arm64.whl", hash = "sha256:6f91930c1a284135db0f891695a263fc876466bf2afbd2215834ac08f600cfca"},
    {file = "onnx-1.18.0-cp313-cp313t-macosx_12_0_universal2.whl", hash = "sha256:2f4d37b0b5c96a873887652d1cbf3f3c70821b8c66302d84b0f0d89dd6e47653"},
    {file = "onnx-1.18.0-cp313-cp313t-win_amd64.whl", hash = "sha256:a69afd0baa372162948b52c13f3aa2730123381edf926d7ef3f68ca7cec6d0d0"},
    {file = "onnx-1.18.0-cp39-cp39-macosx_12_0_universal2.whl", hash = "sha256:a186b1518450e04dc3679da315a663a56429418e7ccfd947d721de9bd710b0ea"},
    {file = "onnx-1.18.0-cp39-cp39-manylinux_2_17_aarch64.manylinux2014_aarch64.whl", hash = "sha256:dc22abacfb0d3cd024d6ab784cb5eb5aca9c966a791e8e13b1a4ecb93ddb47d3"},
    {file = "onnx-1.18.0-cp39-cp39-manylinux_2_17_x86_64.manylinux2014_x86_64.whl", hash = "sha256:7839bf2adb494e46ccf375a7936b5d9e241b63e1a84254f3eb2e2e184e3292c8"},
    {file = "onnx-1.18.0-cp39-cp39-win32.whl", hash = "sha256:2bd5c0c55669b6d8f12e859cc27f3a631fe58730871b21f001527e1d56219e2a"},
    {file = "onnx-1.18.0-cp39-cp39-win_amd64.whl", hash = "sha256:a3ff1735f99589be4f311eb586f2b949998614a82fb6261ae6af5a29879b9375"},
    {file = "onnx-1.18.0.tar.gz", hash = "sha256:3d8dbf9e996629131ba3aa1afd1d8239b660d1f830c6688dd7e03157cccd6b9c"},
]

[package.dependencies]
numpy = ">=1.22"
protobuf = ">=4.25.1"
typing_extensions = ">=4.7.1"

[package.extras]
reference = ["Pillow", "google-re2"]

[[package]]
name = "onnxruntime"
version = "1.22.0"
description = "ONNX Runtime is a runtime accelerator for Machine Learning models"
optional = false
python-versions = ">=3.10"
files = [
    {file = "onnxruntime-1.22.0-cp310-cp310-macosx_13_0_universal2.whl", hash = "sha256:85d8826cc8054e4d6bf07f779dc742a363c39094015bdad6a08b3c18cfe0ba8c"},
    {file = "onnxruntime-1.22.0-cp310-cp310-manylinux_2_27_aarch64.manylinux_2_28_aarch64.whl", hash = "sha256:468c9502a12f6f49ec335c2febd22fdceecc1e4cc96dfc27e419ba237dff5aff"},
    {file = "onnxruntime-1.22.0-cp310-cp310-manylinux_2_27_x86_64.manylinux_2_28_x86_64.whl", hash = "sha256:681fe356d853630a898ee05f01ddb95728c9a168c9460e8361d0a240c9b7cb97"},
    {file = "onnxruntime-1.22.0-cp310-cp310-win_amd64.whl", hash = "sha256:20bca6495d06925631e201f2b257cc37086752e8fe7b6c83a67c6509f4759bc9"},
    {file = "onnxruntime-1.22.0-cp311-cp311-macosx_13_0_universal2.whl", hash = "sha256:8d6725c5b9a681d8fe72f2960c191a96c256367887d076b08466f52b4e0991df"},
    {file = "onnxruntime-1.22.0-cp311-cp311-manylinux_2_27_aarch64.manylinux_2_28_aarch64.whl", hash = "sha256:fef17d665a917866d1f68f09edc98223b9a27e6cb167dec69da4c66484ad12fd"},
    {file = "onnxruntime-1.22.0-cp311-cp311-manylinux_2_27_x86_64.manylinux_2_28_x86_64.whl", hash = "sha256:b978aa63a9a22095479c38371a9b359d4c15173cbb164eaad5f2cd27d666aa65"},
    {file = "onnxruntime-1.22.0-cp311-cp311-win_amd64.whl", hash = "sha256:03d3ef7fb11adf154149d6e767e21057e0e577b947dd3f66190b212528e1db31"},
    {file = "onnxruntime-1.22.0-cp312-cp312-macosx_13_0_universal2.whl", hash = "sha256:f3c0380f53c1e72a41b3f4d6af2ccc01df2c17844072233442c3a7e74851ab97"},
    {file = "onnxruntime-1.22.0-cp312-cp312-manylinux_2_27_aarch64.manylinux_2_28_aarch64.whl", hash = "sha256:c8601128eaef79b636152aea76ae6981b7c9fc81a618f584c15d78d42b310f1c"},
    {file = "onnxruntime-1.22.0-cp312-cp312-manylinux_2_27_x86_64.manylinux_2_28_x86_64.whl", hash = "sha256:6964a975731afc19dc3418fad8d4e08c48920144ff590149429a5ebe0d15fb3c"},
    {file = "onnxruntime-1.22.0-cp312-cp312-win_amd64.whl", hash = "sha256:c0d534a43d1264d1273c2d4f00a5a588fa98d21117a3345b7104fa0bbcaadb9a"},
    {file = "onnxruntime-1.22.0-cp313-cp313-macosx_13_0_universal2.whl", hash = "sha256:fe7c051236aae16d8e2e9ffbfc1e115a0cc2450e873a9c4cb75c0cc96c1dae07"},
    {file = "onnxruntime-1.22.0-cp313-cp313-manylinux_2_27_aarch64.manylinux_2_28_aarch64.whl", hash = "sha256:6a6bbed10bc5e770c04d422893d3045b81acbbadc9fb759a2cd1ca00993da919"},
    {file = "onnxruntime-1.22.0-cp313-cp313-manylinux_2_27_x86_64.manylinux_2_28_x86_64.whl", hash = "sha256:9fe45ee3e756300fccfd8d61b91129a121d3d80e9d38e01f03ff1295badc32b8"},
    {file = "onnxruntime-1.22.0-cp313-cp313-win_amd64.whl", hash = "sha256:5a31d84ef82b4b05d794a4ce8ba37b0d9deb768fd580e36e17b39e0b4840253b"},
    {file = "onnxruntime-1.22.0-cp313-cp313t-manylinux_2_27_aarch64.manylinux_2_28_aarch64.whl", hash = "sha256:0a2ac5bd9205d831541db4e508e586e764a74f14efdd3f89af7fd20e1bf4a1ed"},
    {file = "onnxruntime-1.22.0-cp313-cp313t-manylinux_2_27_x86_64.manylinux_2_28_x86_64.whl", hash = "sha256:64845709f9e8a2809e8e009bc4c8f73b788cee9c6619b7d9930344eae4c9cd36"},
]

[package.dependencies]
coloredlogs = "*"
flatbuffers = "*"
numpy = ">=1.21.6"
packaging = "*"
protobuf = "*"
sympy = "*"

[[package]]
name = "packaging"
version = "25.0"
description = "Core utilities for Python packages"
optional = false
python-versions = ">=3.8"
files = [
    {file = "packaging-25.0-py3-none-any.whl", hash = "sha256:29572ef2b1f17581046b3a2227d5c611fb25ec70ca1ba8554b24b0e69331a484"},
    {file = "packaging-25.0.tar.gz", hash = "sha256:d443872c98d677bf60f6a1f2f8c1cb748e8fe762d2bf9d3148b5599295b0fc4f"},
]

[[package]]
name = "pluggy"
version = "1.6.0"
description = "plugin and hook calling mechanisms for python"
optional = false
python-versions = ">=3.9"
files = [
    {file = "pluggy-1.6.0-py3-none-any.whl", hash = "sha256:e920276dd6813095e9377c0bc5566d94c932c33b27a3e3945d8389c374dd4746"},
    {file = "pluggy-1.6.0.tar.gz", hash = "sha256:7dcc130b76258d33b90f61b658791dede3486c3e6bfb003ee5c9bfb396dd22f3"},
]

[package.extras]
dev = ["pre-commit", "tox"]
testing = ["coverage", "pytest", "pytest-benchmark"]

[[package]]
name = "protobuf"
version = "6.31.1"
description = ""
optional = false
python-versions = ">=3.9"
files = [
    {file = "protobuf-6.31.1-cp310-abi3-win32.whl", hash = "sha256:7fa17d5a29c2e04b7d90e5e32388b8bfd0e7107cd8e616feef7ed3fa6bdab5c9"},
    {file = "protobuf-6.31.1-cp310-abi3-win_amd64.whl", hash = "sha256:426f59d2964864a1a366254fa703b8632dcec0790d8862d30034d8245e1cd447"},
    {file = "protobuf-6.31.1-cp39-abi3-macosx_10_9_universal2.whl", hash = "sha256:6f1227473dc43d44ed644425268eb7c2e488ae245d51c6866d19fe158e207402"},
    {file = "protobuf-6.31.1-cp39-abi3-manylinux2014_aarch64.whl", hash = "sha256:a40fc12b84c154884d7d4c4ebd675d5b3b5283e155f324049ae396b95ddebc39"},
    {file = "protobuf-6.31.1-cp39-abi3-manylinux2014_x86_64.whl", hash = "sha256:4ee898bf66f7a8b0bd21bce523814e6fbd8c6add948045ce958b73af7e8878c6"},
    {file = "protobuf-6.31.1-cp39-cp39-win32.whl", hash = "sha256:0414e3aa5a5f3ff423828e1e6a6e907d6c65c1d5b7e6e975793d5590bdeecc16"},
    {file = "protobuf-6.31.1-cp39-cp39-win_amd64.whl", hash = "sha256:8764cf4587791e7564051b35524b72844f845ad0bb011704c3736cce762d8fe9"},
    {file = "protobuf-6.31.1-py3-none-any.whl", hash = "sha256:720a6c7e6b77288b85063569baae8536671b39f15cc22037ec7045658d80489e"},
    {file = "protobuf-6.31.1.tar.gz", hash = "sha256:d8cac4c982f0b957a4dc73a80e2ea24fab08e679c0de9deb835f4a12d69aca9a"},
]

[[package]]
name = "pygments"
version = "2.19.2"
description = "Pygments is a syntax highlighting package written in Python."
optional = false
python-versions = ">=3.8"
files = [
    {file = "pygments-2.19.2-py3-none-any.whl", hash = "sha256:86540386c03d588bb81d44bc3928634ff26449851e99741617ecb9037ee5ec0b"},
    {file = "pygments-2.19.2.tar.gz", hash = "sha256:636cb2477cec7f8952536970bc533bc43743542f70392ae026374600add5b887"},
]

[package.extras]
windows-terminal = ["colorama (>=0.4.6)"]

[[package]]
name = "pyreadline3"
version = "3.5.4"
description = "A python implementation of GNU readline."
optional = false
python-versions = ">=3.8"
files = [
    {file = "pyreadline3-3.5.4-py3-none-any.whl", hash = "sha256:eaf8e6cc3c49bcccf145fc6067ba8643d1df34d604a1ec0eccbf7a18e6d3fae6"},
    {file = "pyreadline3-3.5.4.tar.gz", hash = "sha256:8d57d53039a1c75adba8e50dd3d992b28143480816187ea5efbd5c78e6c885b7"},
]

[package.extras]
dev = ["build", "flake8", "mypy", "pytest", "twine"]

[[package]]
name = "pytest"
version = "8.4.1"
description = "pytest: simple powerful testing with Python"
optional = false
python-versions = ">=3.9"
files = [
    {file = "pytest-8.4.1-py3-none-any.whl", hash = "sha256:539c70ba6fcead8e78eebbf1115e8b589e7565830d7d006a8723f19ac8a0afb7"},
    {file = "pytest-8.4.1.tar.gz", hash = "sha256:7c67fd69174877359ed9371ec3af8a3d2b04741818c51e5e99cc1742251fa93c"},
]

[package.dependencies]
colorama = {version = ">=0.4", markers = "sys_platform == \"win32\""}
iniconfig = ">=1"
packaging = ">=20"
pluggy = ">=1.5,<2"
pygments = ">=2.7.2"

[package.extras]
dev = ["argcomplete", "attrs (>=19.2)", "hypothesis (>=3.56)", "mock", "requests", "setuptools", "xmlschema"]

[[package]]
name = "ruff"
version = "0.9.10"
description = "An extremely fast Python linter and code formatter, written in Rust."
optional = false
python-versions = ">=3.7"
files = [
    {file = "ruff-0.9.10-py3-none-linux_armv6l.whl", hash = "sha256:eb4d25532cfd9fe461acc83498361ec2e2252795b4f40b17e80692814329e42d"},
    {file = "ruff-0.9.10-py3-none-macosx_10_12_x86_64.whl", hash = "sha256:188a6638dab1aa9bb6228a7302387b2c9954e455fb25d6b4470cb0641d16759d"},
    {file = "ruff-0.9.10-py3-none-macosx_11_0_arm64.whl", hash = "sha256:5284dcac6b9dbc2fcb71fdfc26a217b2ca4ede6ccd57476f52a587451ebe450d"},
    {file = "ruff-0.9.10-py3-none-manylinux_2_17_aarch64.manylinux2014_aarch64.whl", hash = "sha256:47678f39fa2a3da62724851107f438c8229a3470f533894b5568a39b40029c0c"},
    {file = "ruff-0.9.10-py3-none-manylinux_2_17_armv7l.manylinux2014_armv7l.whl", hash = "sha256:99713a6e2766b7a17147b309e8c915b32b07a25c9efd12ada79f217c9c778b3e"},
    {file = "ruff-0.9.10-py3-none-manylinux_2_17_i686.manylinux2014_i686.whl", hash = "sha256:524ee184d92f7c7304aa568e2db20f50c32d1d0caa235d8ddf10497566ea1a12"},
    {file = "ruff-0.9.10-py3-none-manylinux_2_17_ppc64.manylinux2014_ppc64.whl", hash = "sha256:df92aeac30af821f9acf819fc01b4afc3dfb829d2782884f8739fb52a8119a16"},
    {file = "ruff-0.9.10-py3-none-manylinux_2_17_ppc64le.manylinux2014_ppc64le.whl", hash = "sha256:de42e4edc296f520bb84954eb992a07a0ec5a02fecb834498415908469854a52"},
    {file = "ruff-0.9.10-py3-none-manylinux_2_17_s390x.manylinux2014_s390x.whl", hash = "sha256:d257f95b65806104b6b1ffca0ea53f4ef98454036df65b1eda3693534813ecd1"},
    {file = "ruff-0.9.10-py3-none-manylinux_2_17_x86_64.manylinux2014_x86_64.whl", hash = "sha256:b60dec7201c0b10d6d11be00e8f2dbb6f40ef1828ee75ed739923799513db24c"},
    {file = "ruff-0.9.10-py3-none-musllinux_1_2_aarch64.whl", hash = "sha256:d838b60007da7a39c046fcdd317293d10b845001f38bcb55ba766c3875b01e43"},
    {file = "ruff-0.9.10-py3-none-musllinux_1_2_armv7l.whl", hash = "sha256:ccaf903108b899beb8e09a63ffae5869057ab649c1e9231c05ae354ebc62066c"},
    {file = "ruff-0.9.10-py3-none-musllinux_1_2_i686.whl", hash = "sha256:f9567d135265d46e59d62dc60c0bfad10e9a6822e231f5b24032dba5a55be6b5"},
    {file = "ruff-0.9.10-py3-none-musllinux_1_2_x86_64.whl", hash = "sha256:5f202f0d93738c28a89f8ed9eaba01b7be339e5d8d642c994347eaa81c6d75b8"},
    {file = "ruff-0.9.10-py3-none-win32.whl", hash = "sha256:bfb834e87c916521ce46b1788fbb8484966e5113c02df216680102e9eb960029"},
    {file = "ruff-0.9.10-py3-none-win_amd64.whl", hash = "sha256:f2160eeef3031bf4b17df74e307d4c5fb689a6f3a26a2de3f7ef4044e3c484f1"},
    {file = "ruff-0.9.10-py3-none-win_arm64.whl", hash = "sha256:5fd804c0327a5e5ea26615550e706942f348b197d5475ff34c19733aee4b2e69"},
    {file = "ruff-0.9.10.tar.gz", hash = "sha256:9bacb735d7bada9cfb0f2c227d3658fc443d90a727b47f206fb33f52f3c0eac7"},
]

[[package]]
name = "scikit-learn"
version = "1.7.0"
description = "A set of python modules for machine learning and data mining"
optional = false
python-versions = ">=3.10"
files = [
    {file = "scikit_learn-1.7.0-cp310-cp310-macosx_10_9_x86_64.whl", hash = "sha256:9fe7f51435f49d97bd41d724bb3e11eeb939882af9c29c931a8002c357e8cdd5"},
    {file = "scikit_learn-1.7.0-cp310-cp310-macosx_12_0_arm64.whl", hash = "sha256:d0c93294e1e1acbee2d029b1f2a064f26bd928b284938d51d412c22e0c977eb3"},
    {file = "scikit_learn-1.7.0-cp310-cp310-manylinux_2_17_aarch64.manylinux2014_aarch64.whl", hash = "sha256:bf3755f25f145186ad8c403312f74fb90df82a4dfa1af19dc96ef35f57237a94"},
    {file = "scikit_learn-1.7.0-cp310-cp310-manylinux_2_17_x86_64.manylinux2014_x86_64.whl", hash = "sha256:2726c8787933add436fb66fb63ad18e8ef342dfb39bbbd19dc1e83e8f828a85a"},
    {file = "scikit_learn-1.7.0-cp310-cp310-win_amd64.whl", hash = "sha256:e2539bb58886a531b6e86a510c0348afaadd25005604ad35966a85c2ec378800"},
    {file = "scikit_learn-1.7.0-cp311-cp311-macosx_10_9_x86_64.whl", hash = "sha256:8ef09b1615e1ad04dc0d0054ad50634514818a8eb3ee3dee99af3bffc0ef5007"},
    {file = "scikit_learn-1.7.0-cp311-cp311-macosx_12_0_arm64.whl", hash = "sha256:7d7240c7b19edf6ed93403f43b0fcb0fe95b53bc0b17821f8fb88edab97085ef"},
    {file = "scikit_learn-1.7.0-cp311-cp311-manylinux_2_17_aarch64.manylinux2014_aarch64.whl", hash = "sha256:80bd3bd4e95381efc47073a720d4cbab485fc483966f1709f1fd559afac57ab8"},
    {file = "scikit_learn-1.7.0-cp311-cp311-manylinux_2_17_x86_64.manylinux2014_x86_64.whl", hash = "sha256:9dbe48d69aa38ecfc5a6cda6c5df5abef0c0ebdb2468e92437e2053f84abb8bc"},
    {file = "scikit_learn-1.7.0-cp311-cp311-win_amd64.whl", hash = "sha256:8fa979313b2ffdfa049ed07252dc94038def3ecd49ea2a814db5401c07f1ecfa"},
    {file = "scikit_learn-1.7.0-cp312-cp312-macosx_10_13_x86_64.whl", hash = "sha256:c2c7243d34aaede0efca7a5a96d67fddaebb4ad7e14a70991b9abee9dc5c0379"},
    {file = "scikit_learn-1.7.0-cp312-cp312-macosx_12_0_arm64.whl", hash = "sha256:9f39f6a811bf3f15177b66c82cbe0d7b1ebad9f190737dcdef77cfca1ea3c19c"},
    {file = "scikit_learn-1.7.0-cp312-cp312-manylinux_2_17_aarch64.manylinux2014_aarch64.whl", hash = "sha256:63017a5f9a74963d24aac7590287149a8d0f1a0799bbe7173c0d8ba1523293c0"},
    {file = "scikit_learn-1.7.0-cp312-cp312-manylinux_2_17_x86_64.manylinux2014_x86_64.whl", hash = "sha256:0b2f8a0b1e73e9a08b7cc498bb2aeab36cdc1f571f8ab2b35c6e5d1c7115d97d"},
    {file = "scikit_learn-1.7.0-cp312-cp312-win_amd64.whl", hash = "sha256:34cc8d9d010d29fb2b7cbcd5ccc24ffdd80515f65fe9f1e4894ace36b267ce19"},
    {file = "scikit_learn-1.7.0-cp313-cp313-macosx_10_13_x86_64.whl", hash = "sha256:5b7974f1f32bc586c90145df51130e02267e4b7e77cab76165c76cf43faca0d9"},
    {file = "scikit_learn-1.7.0-cp313-cp313-macosx_12_0_arm64.whl", hash = "sha256:014e07a23fe02e65f9392898143c542a50b6001dbe89cb867e19688e468d049b"},
    {file = "scikit_learn-1.7.0-cp313-cp313-manylinux_2_17_aarch64.manylinux2014_aarch64.whl", hash = "sha256:e7e7ced20582d3a5516fb6f405fd1d254e1f5ce712bfef2589f51326af6346e8"},
    {file = "scikit_learn-1.7.0-cp313-cp313-manylinux_2_17_x86_64.manylinux2014_x86_64.whl", hash = "sha256:1babf2511e6ffd695da7a983b4e4d6de45dce39577b26b721610711081850906"},
    {file = "scikit_learn-1.7.0-cp313-cp313-win_amd64.whl", hash = "sha256:5abd2acff939d5bd4701283f009b01496832d50ddafa83c90125a4e41c33e314"},
    {file = "scikit_learn-1.7.0-cp313-cp313t-macosx_10_13_x86_64.whl", hash = "sha256:e39d95a929b112047c25b775035c8c234c5ca67e681ce60d12413afb501129f7"},
    {file = "scikit_learn-1.7.0-cp313-cp313t-macosx_12_0_arm64.whl", hash = "sha256:0521cb460426c56fee7e07f9365b0f45ec8ca7b2d696534ac98bfb85e7ae4775"},
    {file = "scikit_learn-1.7.0-cp313-cp313t-manylinux_2_17_x86_64.manylinux2014_x86_64.whl", hash = "sha256:317ca9f83acbde2883bd6bb27116a741bfcb371369706b4f9973cf30e9a03b0d"},
    {file = "scikit_learn-1.7.0-cp313-cp313t-win_amd64.whl", hash = "sha256:126c09740a6f016e815ab985b21e3a0656835414521c81fc1a8da78b679bdb75"},
    {file = "scikit_learn-1.7.0.tar.gz", hash = "sha256:c01e869b15aec88e2cdb73d27f15bdbe03bce8e2fb43afbe77c45d399e73a5a3"},
]

[package.dependencies]
joblib = ">=1.2.0"
numpy = ">=1.22.0"
scipy = ">=1.8.0"
threadpoolctl = ">=3.1.0"

[package.extras]
benchmark = ["matplotlib (>=3.5.0)", "memory_profiler (>=0.57.0)", "pandas (>=1.4.0)"]
build = ["cython (>=3.0.10)", "meson-python (>=0.16.0)", "numpy (>=1.22.0)", "scipy (>=1.8.0)"]
docs = ["Pillow (>=8.4.0)", "matplotlib (>=3.5.0)", "memory_profiler (>=0.57.0)", "numpydoc (>=1.2.0)", "pandas (>=1.4.0)", "plotly (>=5.14.0)", "polars (>=0.20.30)", "pooch (>=1.6.0)", "pydata-sphinx-theme (>=0.15.3)", "scikit-image (>=0.19.0)", "seaborn (>=0.9.0)", "sphinx (>=7.3.7)", "sphinx-copybutton (>=0.5.2)", "sphinx-design (>=0.5.0)", "sphinx-design (>=0.6.0)", "sphinx-gallery (>=0.17.1)", "sphinx-prompt (>=1.4.0)", "sphinx-remove-toctrees (>=1.0.0.post1)", "sphinxcontrib-sass (>=0.3.4)", "sphinxext-opengraph (>=0.9.1)", "towncrier (>=24.8.0)"]
examples = ["matplotlib (>=3.5.0)", "pandas (>=1.4.0)", "plotly (>=5.14.0)", "pooch (>=1.6.0)", "scikit-image (>=0.19.0)", "seaborn (>=0.9.0)"]
install = ["joblib (>=1.2.0)", "numpy (>=1.22.0)", "scipy (>=1.8.0)", "threadpoolctl (>=3.1.0)"]
maintenance = ["conda-lock (==3.0.1)"]
tests = ["matplotlib (>=3.5.0)", "mypy (>=1.15)", "numpydoc (>=1.2.0)", "pandas (>=1.4.0)", "polars (>=0.20.30)", "pooch (>=1.6.0)", "pyamg (>=4.2.1)", "pyarrow (>=12.0.0)", "pytest (>=7.1.2)", "pytest-cov (>=2.9.0)", "ruff (>=0.11.7)", "scikit-image (>=0.19.0)"]

[[package]]
name = "scipy"
version = "1.16.0"
description = "Fundamental algorithms for scientific computing in Python"
optional = false
python-versions = ">=3.11"
files = [
    {file = "scipy-1.16.0-cp311-cp311-macosx_10_14_x86_64.whl", hash = "sha256:deec06d831b8f6b5fb0b652433be6a09db29e996368ce5911faf673e78d20085"},
    {file = "scipy-1.16.0-cp311-cp311-macosx_12_0_arm64.whl", hash = "sha256:d30c0fe579bb901c61ab4bb7f3eeb7281f0d4c4a7b52dbf563c89da4fd2949be"},
    {file = "scipy-1.16.0-cp311-cp311-macosx_14_0_arm64.whl", hash = "sha256:b2243561b45257f7391d0f49972fca90d46b79b8dbcb9b2cb0f9df928d370ad4"},
    {file = "scipy-1.16.0-cp311-cp311-macosx_14_0_x86_64.whl", hash = "sha256:e6d7dfc148135e9712d87c5f7e4f2ddc1304d1582cb3a7d698bbadedb61c7afd"},
    {file = "scipy-1.16.0-cp311-cp311-manylinux2014_aarch64.manylinux_2_17_aarch64.whl", hash = "sha256:90452f6a9f3fe5a2cf3748e7be14f9cc7d9b124dce19667b54f5b429d680d539"},
    {file = "scipy-1.16.0-cp311-cp311-manylinux2014_x86_64.manylinux_2_17_x86_64.whl", hash = "sha256:a2f0bf2f58031c8701a8b601df41701d2a7be17c7ffac0a4816aeba89c4cdac8"},
    {file = "scipy-1.16.0-cp311-cp311-musllinux_1_2_aarch64.whl", hash = "sha256:6c4abb4c11fc0b857474241b812ce69ffa6464b4bd8f4ecb786cf240367a36a7"},
    {file = "scipy-1.16.0-cp311-cp311-musllinux_1_2_x86_64.whl", hash = "sha256:b370f8f6ac6ef99815b0d5c9f02e7ade77b33007d74802efc8316c8db98fd11e"},
    {file = "scipy-1.16.0-cp311-cp311-win_amd64.whl", hash = "sha256:a16ba90847249bedce8aa404a83fb8334b825ec4a8e742ce6012a7a5e639f95c"},
    {file = "scipy-1.16.0-cp312-cp312-macosx_10_14_x86_64.whl", hash = "sha256:7eb6bd33cef4afb9fa5f1fb25df8feeb1e52d94f21a44f1d17805b41b1da3180"},
    {file = "scipy-1.16.0-cp312-cp312-macosx_12_0_arm64.whl", hash = "sha256:1dbc8fdba23e4d80394ddfab7a56808e3e6489176d559c6c71935b11a2d59db1"},
    {file = "scipy-1.16.0-cp312-cp312-macosx_14_0_arm64.whl", hash = "sha256:7dcf42c380e1e3737b343dec21095c9a9ad3f9cbe06f9c05830b44b1786c9e90"},
    {file = "scipy-1.16.0-cp312-cp312-macosx_14_0_x86_64.whl", hash = "sha256:26ec28675f4a9d41587266084c626b02899db373717d9312fa96ab17ca1ae94d"},
    {file = "scipy-1.16.0-cp312-cp312-manylinux2014_aarch64.manylinux_2_17_aarch64.whl", hash = "sha256:952358b7e58bd3197cfbd2f2f2ba829f258404bdf5db59514b515a8fe7a36c52"},
    {file = "scipy-1.16.0-cp312-cp312-manylinux2014_x86_64.manylinux_2_17_x86_64.whl", hash = "sha256:03931b4e870c6fef5b5c0970d52c9f6ddd8c8d3e934a98f09308377eba6f3824"},
    {file = "scipy-1.16.0-cp312-cp312-musllinux_1_2_aarch64.whl", hash = "sha256:512c4f4f85912767c351a0306824ccca6fd91307a9f4318efe8fdbd9d30562ef"},
    {file = "scipy-1.16.0-cp312-cp312-musllinux_1_2_x86_64.whl", hash = "sha256:e69f798847e9add03d512eaf5081a9a5c9a98757d12e52e6186ed9681247a1ac"},
    {file = "scipy-1.16.0-cp312-cp312-win_amd64.whl", hash = "sha256:adf9b1999323ba335adc5d1dc7add4781cb5a4b0ef1e98b79768c05c796c4e49"},
    {file = "scipy-1.16.0-cp313-cp313-macosx_10_14_x86_64.whl", hash = "sha256:e9f414cbe9ca289a73e0cc92e33a6a791469b6619c240aa32ee18abdce8ab451"},
    {file = "scipy-1.16.0-cp313-cp313-macosx_12_0_arm64.whl", hash = "sha256:bbba55fb97ba3cdef9b1ee973f06b09d518c0c7c66a009c729c7d1592be1935e"},
    {file = "scipy-1.16.0-cp313-cp313-macosx_14_0_arm64.whl", hash = "sha256:58e0d4354eacb6004e7aa1cd350e5514bd0270acaa8d5b36c0627bb3bb486974"},
    {file = "scipy-1.16.0-cp313-cp313-macosx_14_0_x86_64.whl", hash = "sha256:75b2094ec975c80efc273567436e16bb794660509c12c6a31eb5c195cbf4b6dc"},
    {file = "scipy-1.16.0-cp313-cp313-manylinux2014_aarch64.manylinux_2_17_aarch64.whl", hash = "sha256:6b65d232157a380fdd11a560e7e21cde34fdb69d65c09cb87f6cc024ee376351"},
    {file = "scipy-1.16.0-cp313-cp313-manylinux2014_x86_64.manylinux_2_17_x86_64.whl", hash = "sha256:1d8747f7736accd39289943f7fe53a8333be7f15a82eea08e4afe47d79568c32"},
    {file = "scipy-1.16.0-cp313-cp313-musllinux_1_2_aarch64.whl", hash = "sha256:eb9f147a1b8529bb7fec2a85cf4cf42bdfadf9e83535c309a11fdae598c88e8b"},
    {file = "scipy-1.16.0-cp313-cp313-musllinux_1_2_x86_64.whl", hash = "sha256:d2b83c37edbfa837a8923d19c749c1935ad3d41cf196006a24ed44dba2ec4358"},
    {file = "scipy-1.16.0-cp313-cp313-win_amd64.whl", hash = "sha256:79a3c13d43c95aa80b87328a46031cf52508cf5f4df2767602c984ed1d3c6bbe"},
    {file = "scipy-1.16.0-cp313-cp313t-macosx_10_14_x86_64.whl", hash = "sha256:f91b87e1689f0370690e8470916fe1b2308e5b2061317ff76977c8f836452a47"},
    {file = "scipy-1.16.0-cp313-cp313t-macosx_12_0_arm64.whl", hash = "sha256:88a6ca658fb94640079e7a50b2ad3b67e33ef0f40e70bdb7dc22017dae73ac08"},
    {file = "scipy-1.16.0-cp313-cp313t-macosx_14_0_arm64.whl", hash = "sha256:ae902626972f1bd7e4e86f58fd72322d7f4ec7b0cfc17b15d4b7006efc385176"},
    {file = "scipy-1.16.0-cp313-cp313t-macosx_14_0_x86_64.whl", hash = "sha256:8cb824c1fc75ef29893bc32b3ddd7b11cf9ab13c1127fe26413a05953b8c32ed"},
    {file = "scipy-1.16.0-cp313-cp313t-manylinux2014_aarch64.manylinux_2_17_aarch64.whl", hash = "sha256:de2db7250ff6514366a9709c2cba35cb6d08498e961cba20d7cff98a7ee88938"},
    {file = "scipy-1.16.0-cp313-cp313t-manylinux2014_x86_64.manylinux_2_17_x86_64.whl", hash = "sha256:e85800274edf4db8dd2e4e93034f92d1b05c9421220e7ded9988b16976f849c1"},
    {file = "scipy-1.16.0-cp313-cp313t-musllinux_1_2_aarch64.whl", hash = "sha256:4f720300a3024c237ace1cb11f9a84c38beb19616ba7c4cdcd771047a10a1706"},
    {file = "scipy-1.16.0-cp313-cp313t-musllinux_1_2_x86_64.whl", hash = "sha256:aad603e9339ddb676409b104c48a027e9916ce0d2838830691f39552b38a352e"},
    {file = "scipy-1.16.0-cp313-cp313t-win_amd64.whl", hash = "sha256:f56296fefca67ba605fd74d12f7bd23636267731a72cb3947963e76b8c0a25db"},
    {file = "scipy-1.16.0.tar.gz", hash = "sha256:b5ef54021e832869c8cfb03bc3bf20366cbcd426e02a58e8a58d7584dfbb8f62"},
]

[package.dependencies]
numpy = ">=1.25.2,<2.6"

[package.extras]
dev = ["cython-lint (>=0.12.2)", "doit (>=0.36.0)", "mypy (==1.10.0)", "pycodestyle", "pydevtool", "rich-click", "ruff (>=0.0.292)", "types-psutil", "typing_extensions"]
doc = ["intersphinx_registry", "jupyterlite-pyodide-kernel", "jupyterlite-sphinx (>=0.19.1)", "jupytext", "linkify-it-py", "matplotlib (>=3.5)", "myst-nb (>=1.2.0)", "numpydoc", "pooch", "pydata-sphinx-theme (>=0.15.2)", "sphinx (>=5.0.0,<8.2.0)", "sphinx-copybutton", "sphinx-design (>=0.4.0)"]
test = ["Cython", "array-api-strict (>=2.3.1)", "asv", "gmpy2", "hypothesis (>=6.30)", "meson", "mpmath", "ninja", "pooch", "pytest", "pytest-cov", "pytest-timeout", "pytest-xdist", "scikit-umfpack", "threadpoolctl"]

[[package]]
name = "skl2onnx"
version = "1.19.1"
description = "Convert scikit-learn models to ONNX"
optional = false
python-versions = ">=3.8"
files = [
    {file = "skl2onnx-1.19.1-py3-none-any.whl", hash = "sha256:fddf2f49e3ffc355f332e676b43c6fec5e63797627925b279d9f5b2c4d0c81a7"},
    {file = "skl2onnx-1.19.1.tar.gz", hash = "sha256:0c105f2a3b87a624dd218d1fb98fdd19cf1bf6217190d25ce7e15484127d0e5d"},
]

[package.dependencies]
onnx = ">=1.2.1"
scikit-learn = ">=1.1"

[[package]]
name = "sympy"
version = "1.14.0"
description = "Computer algebra system (CAS) in Python"
optional = false
python-versions = ">=3.9"
files = [
    {file = "sympy-1.14.0-py3-none-any.whl", hash = "sha256:e091cc3e99d2141a0ba2847328f5479b05d94a6635cb96148ccb3f34671bd8f5"},
    {file = "sympy-1.14.0.tar.gz", hash = "sha256:d3d3fe8df1e5a0b42f0e7bdf50541697dbe7d23746e894990c030e2b05e72517"},
]

[package.dependencies]
mpmath = ">=1.1.0,<1.4"

[package.extras]
dev = ["hypothesis (>=6.70.0)", "pytest (>=7.1.0)"]

[[package]]
name = "threadpoolctl"
version = "3.6.0"
description = "threadpoolctl"
optional = false
python-versions = ">=3.9"
files = [
    {file = "threadpoolctl-3.6.0-py3-none-any.whl", hash = "sha256:43a0b8fd5a2928500110039e43a5eed8480b918967083ea48dc3ab9f13c4a7fb"},
    {file = "threadpoolctl-3.6.0.tar.gz", hash = "sha256:8ab8b4aa3491d812b623328249fab5302a68d2d71745c8a4c719a2fcaba9f44e"},
]

[[package]]
name = "typing-extensions"
version = "4.14.1"
description = "Backported and Experimental Type Hints for Python 3.9+"
optional = false
python-versions = ">=3.9"
files = [
    {file = "typing_extensions-4.14.1-py3-none-any.whl", hash = "sha256:d1e1e3b58374dc93031d6eda2420a48ea44a36c2b4766a4fdeb3710755731d76"},
    {file = "typing_extensions-4.14.1.tar.gz", hash = "sha256:38b39f4aeeab64884ce9f74c94263ef78f3c22467c8724005483154c26648d36"},
]

[metadata]
lock-version = "2.0"
python-versions = "^3.12"
content-hash = "c36a1dd9235202698b46b6d11e8c5f524b955954a13fafeef8461d5534beb4f4"
